
Microsoft Visual Studio Solution File, Format Version 12.00
# Visual Studio Version 17
VisualStudioVersion = 17.8.34330.188
MinimumVisualStudioVersion = 10.0.40219.1
Project("{FAE04EC0-301F-11D3-BF4B-00C04F79EFBC}") = "SaYMemos", "SaYMemos.csproj", "{CDC9A75A-F3C7-411F-96BE-5512D417A68D}"
EndProject
Global
	GlobalSection(SolutionConfigurationPlatforms) = preSolution
		Debug|Any CPU = Debug|Any CPU
		Release|Any CPU = Release|Any CPU
	EndGlobalSection
	GlobalSection(ProjectConfigurationPlatforms) = postSolution
		{CDC9A75A-F3C7-411F-96BE-5512D417A68D}.Debug|Any CPU.ActiveCfg = Debug|Any CPU
		{CDC9A75A-F3C7-411F-96BE-5512D417A68D}.Debug|Any CPU.Build.0 = Debug|Any CPU
		{CDC9A75A-F3C7-411F-96BE-5512D417A68D}.Release|Any CPU.ActiveCfg = Release|Any CPU
		{CDC9A75A-F3C7-411F-96BE-5512D417A68D}.Release|Any CPU.Build.0 = Release|Any CPU
	EndGlobalSection
	GlobalSection(SolutionProperties) = preSolution
		HideSolutionNode = FALSE
	EndGlobalSection
	GlobalSection(ExtensibilityGlobals) = postSolution
		SolutionGuid = {5D8631C4-479A-4ED1-92CE-7DB30FC1CAE7}
	EndGlobalSection
EndGlobal
